
Microsoft Visual Studio Solution File, Format Version 12.00
Project("{FAE04EC0-301F-11D3-BF4B-00C04F79EFBC}") = "JAIS", "src\JAIS\JAIS.csproj", "{DD40DC0F-F401-49D3-BB78-64E59CE02A42}"
EndProject
Project("{FAE04EC0-301F-11D3-BF4B-00C04F79EFBC}") = "Theme", "src\Theme\Theme.csproj", "{0BCF890C-D68C-4643-8EA0-1BFDD1427CD5}"
EndProject
Project("{FAE04EC0-301F-11D3-BF4B-00C04F79EFBC}") = "RestServer", "src\RestServer\RestServer.csproj", "{759D30FA-AD7A-4F65-BE27-9BDE49002A09}"
EndProject
Project("{FAE04EC0-301F-11D3-BF4B-00C04F79EFBC}") = "Common", "src\Common\Common.csproj", "{FA94B3E6-0EEE-4FF1-AE88-04114DD29B5F}"
EndProject
Project("{2150E333-8FDC-42A3-9474-1A3956D46DE8}") = "Apps", "Apps", "{AEF9F2EF-116D-4F78-BB3E-B7D485C7A554}"
EndProject
Project("{FAE04EC0-301F-11D3-BF4B-00C04F79EFBC}") = "Settings", "src\Apps\Settings\src\Settings\Settings.csproj", "{CD018782-59C4-4650-B0FF-080470F528A3}"
EndProject
Global
	GlobalSection(SolutionConfigurationPlatforms) = preSolution
		Debug|Any CPU = Debug|Any CPU
		Release|Any CPU = Release|Any CPU
	EndGlobalSection
	GlobalSection(ProjectConfigurationPlatforms) = postSolution
		{DD40DC0F-F401-49D3-BB78-64E59CE02A42}.Debug|Any CPU.ActiveCfg = Debug|Any CPU
		{DD40DC0F-F401-49D3-BB78-64E59CE02A42}.Debug|Any CPU.Build.0 = Debug|Any CPU
		{DD40DC0F-F401-49D3-BB78-64E59CE02A42}.Release|Any CPU.ActiveCfg = Release|Any CPU
		{DD40DC0F-F401-49D3-BB78-64E59CE02A42}.Release|Any CPU.Build.0 = Release|Any CPU
		{0BCF890C-D68C-4643-8EA0-1BFDD1427CD5}.Debug|Any CPU.ActiveCfg = Debug|Any CPU
		{0BCF890C-D68C-4643-8EA0-1BFDD1427CD5}.Debug|Any CPU.Build.0 = Debug|Any CPU
		{0BCF890C-D68C-4643-8EA0-1BFDD1427CD5}.Release|Any CPU.ActiveCfg = Release|Any CPU
		{0BCF890C-D68C-4643-8EA0-1BFDD1427CD5}.Release|Any CPU.Build.0 = Release|Any CPU
		{759D30FA-AD7A-4F65-BE27-9BDE49002A09}.Debug|Any CPU.ActiveCfg = Debug|Any CPU
		{759D30FA-AD7A-4F65-BE27-9BDE49002A09}.Debug|Any CPU.Build.0 = Debug|Any CPU
		{759D30FA-AD7A-4F65-BE27-9BDE49002A09}.Release|Any CPU.ActiveCfg = Release|Any CPU
		{759D30FA-AD7A-4F65-BE27-9BDE49002A09}.Release|Any CPU.Build.0 = Release|Any CPU
		{FA94B3E6-0EEE-4FF1-AE88-04114DD29B5F}.Debug|Any CPU.ActiveCfg = Debug|Any CPU
		{FA94B3E6-0EEE-4FF1-AE88-04114DD29B5F}.Debug|Any CPU.Build.0 = Debug|Any CPU
		{FA94B3E6-0EEE-4FF1-AE88-04114DD29B5F}.Release|Any CPU.ActiveCfg = Release|Any CPU
		{FA94B3E6-0EEE-4FF1-AE88-04114DD29B5F}.Release|Any CPU.Build.0 = Release|Any CPU
		{CD018782-59C4-4650-B0FF-080470F528A3}.Debug|Any CPU.ActiveCfg = Debug|Any CPU
		{CD018782-59C4-4650-B0FF-080470F528A3}.Debug|Any CPU.Build.0 = Debug|Any CPU
		{CD018782-59C4-4650-B0FF-080470F528A3}.Release|Any CPU.ActiveCfg = Release|Any CPU
		{CD018782-59C4-4650-B0FF-080470F528A3}.Release|Any CPU.Build.0 = Release|Any CPU
	EndGlobalSection
	GlobalSection(NestedProjects) = preSolution
		{CD018782-59C4-4650-B0FF-080470F528A3} = {AEF9F2EF-116D-4F78-BB3E-B7D485C7A554}
	EndGlobalSection
EndGlobal
