
Microsoft Visual Studio Solution File, Format Version 12.00
Project("{FAE04EC0-301F-11D3-BF4B-00C04F79EFBC}") = "JAIS", "src\JAIS\JAIS.csproj", "{DD40DC0F-F401-49D3-BB78-64E59CE02A42}"
EndProject
Project("{2150E333-8FDC-42A3-9474-1A3956D46DE8}") = "Apps", "Apps", "{AEF9F2EF-116D-4F78-BB3E-B7D485C7A554}"
EndProject
Project("{FAE04EC0-301F-11D3-BF4B-00C04F79EFBC}") = "Settings", "src\Apps\Settings\src\Settings\Settings.csproj", "{CD018782-59C4-4650-B0FF-080470F528A3}"
EndProject
Project("{FAE04EC0-301F-11D3-BF4B-00C04F79EFBC}") = "AppCore", "src\AppCore\AppCore.csproj", "{E23D6013-B758-4E69-BC20-4B5DFEEE4A74}"
EndProject
Project("{FAE04EC0-301F-11D3-BF4B-00C04F79EFBC}") = "Spotify", "src\Apps\Spotify\Spotify.csproj", "{0601608E-FB15-46A1-8FD9-9EBAF1B09C78}"
EndProject
Project("{FAE04EC0-301F-11D3-BF4B-00C04F79EFBC}") = "Maps", "src\Apps\Maps\Maps.csproj", "{44D75AB9-8044-47A2-8684-4185FE0DAD62}"
EndProject
Global
	GlobalSection(SolutionConfigurationPlatforms) = preSolution
		Debug|Any CPU = Debug|Any CPU
		Release|Any CPU = Release|Any CPU
	EndGlobalSection
	GlobalSection(ProjectConfigurationPlatforms) = postSolution
		{DD40DC0F-F401-49D3-BB78-64E59CE02A42}.Debug|Any CPU.ActiveCfg = Debug|Any CPU
		{DD40DC0F-F401-49D3-BB78-64E59CE02A42}.Debug|Any CPU.Build.0 = Debug|Any CPU
		{DD40DC0F-F401-49D3-BB78-64E59CE02A42}.Release|Any CPU.ActiveCfg = Release|Any CPU
		{DD40DC0F-F401-49D3-BB78-64E59CE02A42}.Release|Any CPU.Build.0 = Release|Any CPU
		{CD018782-59C4-4650-B0FF-080470F528A3}.Debug|Any CPU.ActiveCfg = Debug|Any CPU
		{CD018782-59C4-4650-B0FF-080470F528A3}.Debug|Any CPU.Build.0 = Debug|Any CPU
		{CD018782-59C4-4650-B0FF-080470F528A3}.Release|Any CPU.ActiveCfg = Release|Any CPU
		{CD018782-59C4-4650-B0FF-080470F528A3}.Release|Any CPU.Build.0 = Release|Any CPU
		{E23D6013-B758-4E69-BC20-4B5DFEEE4A74}.Debug|Any CPU.ActiveCfg = Debug|Any CPU
		{E23D6013-B758-4E69-BC20-4B5DFEEE4A74}.Debug|Any CPU.Build.0 = Debug|Any CPU
		{E23D6013-B758-4E69-BC20-4B5DFEEE4A74}.Release|Any CPU.ActiveCfg = Release|Any CPU
		{E23D6013-B758-4E69-BC20-4B5DFEEE4A74}.Release|Any CPU.Build.0 = Release|Any CPU
		{0601608E-FB15-46A1-8FD9-9EBAF1B09C78}.Debug|Any CPU.ActiveCfg = Debug|Any CPU
		{0601608E-FB15-46A1-8FD9-9EBAF1B09C78}.Debug|Any CPU.Build.0 = Debug|Any CPU
		{0601608E-FB15-46A1-8FD9-9EBAF1B09C78}.Release|Any CPU.ActiveCfg = Release|Any CPU
		{0601608E-FB15-46A1-8FD9-9EBAF1B09C78}.Release|Any CPU.Build.0 = Release|Any CPU
		{44D75AB9-8044-47A2-8684-4185FE0DAD62}.Debug|Any CPU.ActiveCfg = Debug|Any CPU
		{44D75AB9-8044-47A2-8684-4185FE0DAD62}.Debug|Any CPU.Build.0 = Debug|Any CPU
		{44D75AB9-8044-47A2-8684-4185FE0DAD62}.Release|Any CPU.ActiveCfg = Release|Any CPU
		{44D75AB9-8044-47A2-8684-4185FE0DAD62}.Release|Any CPU.Build.0 = Release|Any CPU
	EndGlobalSection
	GlobalSection(NestedProjects) = preSolution
		{CD018782-59C4-4650-B0FF-080470F528A3} = {AEF9F2EF-116D-4F78-BB3E-B7D485C7A554}
		{0601608E-FB15-46A1-8FD9-9EBAF1B09C78} = {AEF9F2EF-116D-4F78-BB3E-B7D485C7A554}
		{44D75AB9-8044-47A2-8684-4185FE0DAD62} = {AEF9F2EF-116D-4F78-BB3E-B7D485C7A554}
	EndGlobalSection
EndGlobal
